// !$*UTF8*$!
{
	archiveVersion = 1;
	classes = {
	};
	objectVersion = 77;
	objects = {

/* Begin PBXBuildFile section */
		401EB0A72F16C02700A32AB3 /* MoviesiOSUI.framework in Frameworks */ = {isa = PBXBuildFile; fileRef = 401EB09E2F16C02700A32AB3 /* MoviesiOSUI.framework */; };
		401EB0BD2F16C0BF00A32AB3 /* Core.framework in Frameworks */ = {isa = PBXBuildFile; fileRef = 407237E72F0BD3F300C276C3 /* Core.framework */; };
		401EB0BE2F16C0BF00A32AB3 /* Core.framework in Embed Frameworks */ = {isa = PBXBuildFile; fileRef = 407237E72F0BD3F300C276C3 /* Core.framework */; settings = {ATTRIBUTES = (CodeSignOnCopy, RemoveHeadersOnCopy, ); }; };
		401EB0C52F16C21400A32AB3 /* MoviesiOSUI.framework in Frameworks */ = {isa = PBXBuildFile; fileRef = 401EB09E2F16C02700A32AB3 /* MoviesiOSUI.framework */; };
		401EB0C62F16C21400A32AB3 /* MoviesiOSUI.framework in Embed Frameworks */ = {isa = PBXBuildFile; fileRef = 401EB09E2F16C02700A32AB3 /* MoviesiOSUI.framework */; settings = {ATTRIBUTES = (CodeSignOnCopy, RemoveHeadersOnCopy, ); }; };
		407237F02F0BD3F300C276C3 /* Core.framework in Frameworks */ = {isa = PBXBuildFile; fileRef = 407237E72F0BD3F300C276C3 /* Core.framework */; };
		4080DDFE2F142CD900A1F9C6 /* Core.framework in Frameworks */ = {isa = PBXBuildFile; fileRef = 407237E72F0BD3F300C276C3 /* Core.framework */; };
		4080DDFF2F142CD900A1F9C6 /* Core.framework in Embed Frameworks */ = {isa = PBXBuildFile; fileRef = 407237E72F0BD3F300C276C3 /* Core.framework */; settings = {ATTRIBUTES = (CodeSignOnCopy, RemoveHeadersOnCopy, ); }; };
/* End PBXBuildFile section */

/* Begin PBXContainerItemProxy section */
		4000843E2F08877F00112D6B /* PBXContainerItemProxy */ = {
			isa = PBXContainerItemProxy;
			containerPortal = 400084282F08877D00112D6B /* Project object */;
			proxyType = 1;
			remoteGlobalIDString = 4000842F2F08877D00112D6B;
			remoteInfo = Course;
		};
		401EB0A82F16C02700A32AB3 /* PBXContainerItemProxy */ = {
			isa = PBXContainerItemProxy;
			containerPortal = 400084282F08877D00112D6B /* Project object */;
			proxyType = 1;
			remoteGlobalIDString = 401EB09D2F16C02700A32AB3;
			remoteInfo = MoviesiOSUI;
		};
		401EB0BF2F16C0BF00A32AB3 /* PBXContainerItemProxy */ = {
			isa = PBXContainerItemProxy;
			containerPortal = 400084282F08877D00112D6B /* Project object */;
			proxyType = 1;
			remoteGlobalIDString = 407237E62F0BD3F300C276C3;
			remoteInfo = Core;
		};
		401EB0C72F16C21400A32AB3 /* PBXContainerItemProxy */ = {
			isa = PBXContainerItemProxy;
			containerPortal = 400084282F08877D00112D6B /* Project object */;
			proxyType = 1;
			remoteGlobalIDString = 401EB09D2F16C02700A32AB3;
			remoteInfo = MoviesiOSUI;
		};
		407237F12F0BD3F300C276C3 /* PBXContainerItemProxy */ = {
			isa = PBXContainerItemProxy;
			containerPortal = 400084282F08877D00112D6B /* Project object */;
			proxyType = 1;
			remoteGlobalIDString = 407237E62F0BD3F300C276C3;
			remoteInfo = Core;
		};
		4080DE002F142CD900A1F9C6 /* PBXContainerItemProxy */ = {
			isa = PBXContainerItemProxy;
			containerPortal = 400084282F08877D00112D6B /* Project object */;
			proxyType = 1;
			remoteGlobalIDString = 407237E62F0BD3F300C276C3;
			remoteInfo = Core;
		};
/* End PBXContainerItemProxy section */

/* Begin PBXCopyFilesBuildPhase section */
		401EB0C12F16C0BF00A32AB3 /* Embed Frameworks */ = {
			isa = PBXCopyFilesBuildPhase;
			buildActionMask = 2147483647;
			dstPath = "";
			dstSubfolderSpec = 10;
			files = (
				401EB0BE2F16C0BF00A32AB3 /* Core.framework in Embed Frameworks */,
			);
			name = "Embed Frameworks";
			runOnlyForDeploymentPostprocessing = 0;
		};
		4080DE022F142CD900A1F9C6 /* Embed Frameworks */ = {
			isa = PBXCopyFilesBuildPhase;
			buildActionMask = 2147483647;
			dstPath = "";
			dstSubfolderSpec = 10;
			files = (
				4080DDFF2F142CD900A1F9C6 /* Core.framework in Embed Frameworks */,
				401EB0C62F16C21400A32AB3 /* MoviesiOSUI.framework in Embed Frameworks */,
			);
			name = "Embed Frameworks";
			runOnlyForDeploymentPostprocessing = 0;
		};
/* End PBXCopyFilesBuildPhase section */

/* Begin PBXFileReference section */
		400084302F08877D00112D6B /* Course.app */ = {isa = PBXFileReference; explicitFileType = wrapper.application; includeInIndex = 0; path = Course.app; sourceTree = BUILT_PRODUCTS_DIR; };
		4000843D2F08877F00112D6B /* CourseTests.xctest */ = {isa = PBXFileReference; explicitFileType = wrapper.cfbundle; includeInIndex = 0; path = CourseTests.xctest; sourceTree = BUILT_PRODUCTS_DIR; };
		401EB09E2F16C02700A32AB3 /* MoviesiOSUI.framework */ = {isa = PBXFileReference; explicitFileType = wrapper.framework; includeInIndex = 0; path = MoviesiOSUI.framework; sourceTree = BUILT_PRODUCTS_DIR; };
		401EB0A62F16C02700A32AB3 /* MoviesiOSUITests.xctest */ = {isa = PBXFileReference; explicitFileType = wrapper.cfbundle; includeInIndex = 0; path = MoviesiOSUITests.xctest; sourceTree = BUILT_PRODUCTS_DIR; };
		407237E72F0BD3F300C276C3 /* Core.framework */ = {isa = PBXFileReference; explicitFileType = wrapper.framework; includeInIndex = 0; path = Core.framework; sourceTree = BUILT_PRODUCTS_DIR; };
		407237EF2F0BD3F300C276C3 /* CoreTests.xctest */ = {isa = PBXFileReference; explicitFileType = wrapper.cfbundle; includeInIndex = 0; path = CoreTests.xctest; sourceTree = BUILT_PRODUCTS_DIR; };
/* End PBXFileReference section */

/* Begin PBXFileSystemSynchronizedRootGroup section */
		400084322F08877D00112D6B /* Course */ = {
			isa = PBXFileSystemSynchronizedRootGroup;
			path = Course;
			sourceTree = "<group>";
		};
		400084402F08877F00112D6B /* CourseTests */ = {
			isa = PBXFileSystemSynchronizedRootGroup;
			path = CourseTests;
			sourceTree = "<group>";
		};
		401EB09F2F16C02700A32AB3 /* MoviesiOSUI */ = {
			isa = PBXFileSystemSynchronizedRootGroup;
			path = MoviesiOSUI;
			sourceTree = "<group>";
		};
		401EB0AA2F16C02700A32AB3 /* MoviesiOSUITests */ = {
			isa = PBXFileSystemSynchronizedRootGroup;
			path = MoviesiOSUITests;
			sourceTree = "<group>";
		};
		407237E82F0BD3F300C276C3 /* Core */ = {
			isa = PBXFileSystemSynchronizedRootGroup;
			path = Core;
			sourceTree = "<group>";
		};
		407237F32F0BD3F300C276C3 /* CoreTests */ = {
			isa = PBXFileSystemSynchronizedRootGroup;
			path = CoreTests;
			sourceTree = "<group>";
		};
/* End PBXFileSystemSynchronizedRootGroup section */

/* Begin PBXFrameworksBuildPhase section */
		4000842D2F08877D00112D6B /* Frameworks */ = {
			isa = PBXFrameworksBuildPhase;
			buildActionMask = 2147483647;
			files = (
				4080DDFE2F142CD900A1F9C6 /* Core.framework in Frameworks */,
				401EB0C52F16C21400A32AB3 /* MoviesiOSUI.framework in Frameworks */,
			);
			runOnlyForDeploymentPostprocessing = 0;
		};
		4000843A2F08877F00112D6B /* Frameworks */ = {
			isa = PBXFrameworksBuildPhase;
			buildActionMask = 2147483647;
			files = (
			);
			runOnlyForDeploymentPostprocessing = 0;
		};
		401EB09B2F16C02700A32AB3 /* Frameworks */ = {
			isa = PBXFrameworksBuildPhase;
			buildActionMask = 2147483647;
			files = (
				401EB0BD2F16C0BF00A32AB3 /* Core.framework in Frameworks */,
			);
			runOnlyForDeploymentPostprocessing = 0;
		};
		401EB0A32F16C02700A32AB3 /* Frameworks */ = {
			isa = PBXFrameworksBuildPhase;
			buildActionMask = 2147483647;
			files = (
				401EB0A72F16C02700A32AB3 /* MoviesiOSUI.framework in Frameworks */,
			);
			runOnlyForDeploymentPostprocessing = 0;
		};
		407237E42F0BD3F300C276C3 /* Frameworks */ = {
			isa = PBXFrameworksBuildPhase;
			buildActionMask = 2147483647;
			files = (
			);
			runOnlyForDeploymentPostprocessing = 0;
		};
		407237EC2F0BD3F300C276C3 /* Frameworks */ = {
			isa = PBXFrameworksBuildPhase;
			buildActionMask = 2147483647;
			files = (
				407237F02F0BD3F300C276C3 /* Core.framework in Frameworks */,
			);
			runOnlyForDeploymentPostprocessing = 0;
		};
/* End PBXFrameworksBuildPhase section */

/* Begin PBXGroup section */
		400084272F08877D00112D6B = {
			isa = PBXGroup;
			children = (
				400084322F08877D00112D6B /* Course */,
				400084402F08877F00112D6B /* CourseTests */,
				407237E82F0BD3F300C276C3 /* Core */,
				407237F32F0BD3F300C276C3 /* CoreTests */,
				401EB09F2F16C02700A32AB3 /* MoviesiOSUI */,
				401EB0AA2F16C02700A32AB3 /* MoviesiOSUITests */,
				4080DDFD2F142CD900A1F9C6 /* Frameworks */,
				400084312F08877D00112D6B /* Products */,
			);
			sourceTree = "<group>";
		};
		400084312F08877D00112D6B /* Products */ = {
			isa = PBXGroup;
			children = (
				400084302F08877D00112D6B /* Course.app */,
				4000843D2F08877F00112D6B /* CourseTests.xctest */,
				407237E72F0BD3F300C276C3 /* Core.framework */,
				407237EF2F0BD3F300C276C3 /* CoreTests.xctest */,
				401EB09E2F16C02700A32AB3 /* MoviesiOSUI.framework */,
				401EB0A62F16C02700A32AB3 /* MoviesiOSUITests.xctest */,
			);
			name = Products;
			sourceTree = "<group>";
		};
		4080DDFD2F142CD900A1F9C6 /* Frameworks */ = {
			isa = PBXGroup;
			children = (
			);
			name = Frameworks;
			sourceTree = "<group>";
		};
/* End PBXGroup section */

/* Begin PBXHeadersBuildPhase section */
		401EB0992F16C02700A32AB3 /* Headers */ = {
			isa = PBXHeadersBuildPhase;
			buildActionMask = 2147483647;
			files = (
			);
			runOnlyForDeploymentPostprocessing = 0;
		};
		407237E22F0BD3F300C276C3 /* Headers */ = {
			isa = PBXHeadersBuildPhase;
			buildActionMask = 2147483647;
			files = (
			);
			runOnlyForDeploymentPostprocessing = 0;
		};
/* End PBXHeadersBuildPhase section */

/* Begin PBXNativeTarget section */
		4000842F2F08877D00112D6B /* Course */ = {
			isa = PBXNativeTarget;
			buildConfigurationList = 400084512F08877F00112D6B /* Build configuration list for PBXNativeTarget "Course" */;
			buildPhases = (
				4000842C2F08877D00112D6B /* Sources */,
				4000842D2F08877D00112D6B /* Frameworks */,
				4000842E2F08877D00112D6B /* Resources */,
				4080DE022F142CD900A1F9C6 /* Embed Frameworks */,
			);
			buildRules = (
			);
			dependencies = (
				4080DE012F142CD900A1F9C6 /* PBXTargetDependency */,
				401EB0C82F16C21400A32AB3 /* PBXTargetDependency */,
			);
			fileSystemSynchronizedGroups = (
				400084322F08877D00112D6B /* Course */,
			);
			name = Course;
			packageProductDependencies = (
			);
			productName = Course;
			productReference = 400084302F08877D00112D6B /* Course.app */;
			productType = "com.apple.product-type.application";
		};
		4000843C2F08877F00112D6B /* CourseTests */ = {
			isa = PBXNativeTarget;
			buildConfigurationList = 400084542F08877F00112D6B /* Build configuration list for PBXNativeTarget "CourseTests" */;
			buildPhases = (
				400084392F08877F00112D6B /* Sources */,
				4000843A2F08877F00112D6B /* Frameworks */,
				4000843B2F08877F00112D6B /* Resources */,
			);
			buildRules = (
			);
			dependencies = (
				4000843F2F08877F00112D6B /* PBXTargetDependency */,
			);
			fileSystemSynchronizedGroups = (
				400084402F08877F00112D6B /* CourseTests */,
			);
			name = CourseTests;
			packageProductDependencies = (
			);
			productName = CourseTests;
			productReference = 4000843D2F08877F00112D6B /* CourseTests.xctest */;
			productType = "com.apple.product-type.bundle.unit-test";
		};
		401EB09D2F16C02700A32AB3 /* MoviesiOSUI */ = {
			isa = PBXNativeTarget;
			buildConfigurationList = 401EB0B12F16C02700A32AB3 /* Build configuration list for PBXNativeTarget "MoviesiOSUI" */;
			buildPhases = (
				401EB0992F16C02700A32AB3 /* Headers */,
				401EB09A2F16C02700A32AB3 /* Sources */,
				401EB09B2F16C02700A32AB3 /* Frameworks */,
				401EB09C2F16C02700A32AB3 /* Resources */,
				401EB0C12F16C0BF00A32AB3 /* Embed Frameworks */,
			);
			buildRules = (
			);
			dependencies = (
				401EB0C02F16C0BF00A32AB3 /* PBXTargetDependency */,
			);
			fileSystemSynchronizedGroups = (
				401EB09F2F16C02700A32AB3 /* MoviesiOSUI */,
			);
			name = MoviesiOSUI;
			packageProductDependencies = (
			);
			productName = MoviesiOSUI;
			productReference = 401EB09E2F16C02700A32AB3 /* MoviesiOSUI.framework */;
			productType = "com.apple.product-type.framework";
		};
		401EB0A52F16C02700A32AB3 /* MoviesiOSUITests */ = {
			isa = PBXNativeTarget;
			buildConfigurationList = 401EB0B22F16C02700A32AB3 /* Build configuration list for PBXNativeTarget "MoviesiOSUITests" */;
			buildPhases = (
				401EB0A22F16C02700A32AB3 /* Sources */,
				401EB0A32F16C02700A32AB3 /* Frameworks */,
				401EB0A42F16C02700A32AB3 /* Resources */,
			);
			buildRules = (
			);
			dependencies = (
				401EB0A92F16C02700A32AB3 /* PBXTargetDependency */,
			);
			fileSystemSynchronizedGroups = (
				401EB0AA2F16C02700A32AB3 /* MoviesiOSUITests */,
			);
			name = MoviesiOSUITests;
			packageProductDependencies = (
			);
			productName = MoviesiOSUITests;
			productReference = 401EB0A62F16C02700A32AB3 /* MoviesiOSUITests.xctest */;
			productType = "com.apple.product-type.bundle.unit-test";
		};
		407237E62F0BD3F300C276C3 /* Core */ = {
			isa = PBXNativeTarget;
			buildConfigurationList = 407237F62F0BD3F300C276C3 /* Build configuration list for PBXNativeTarget "Core" */;
			buildPhases = (
				407237E22F0BD3F300C276C3 /* Headers */,
				407237E32F0BD3F300C276C3 /* Sources */,
				407237E42F0BD3F300C276C3 /* Frameworks */,
				407237E52F0BD3F300C276C3 /* Resources */,
			);
			buildRules = (
			);
			dependencies = (
			);
			fileSystemSynchronizedGroups = (
				407237E82F0BD3F300C276C3 /* Core */,
			);
			name = Core;
			packageProductDependencies = (
			);
			productName = Core;
			productReference = 407237E72F0BD3F300C276C3 /* Core.framework */;
			productType = "com.apple.product-type.framework";
		};
		407237EE2F0BD3F300C276C3 /* CoreTests */ = {
			isa = PBXNativeTarget;
			buildConfigurationList = 407237F92F0BD3F300C276C3 /* Build configuration list for PBXNativeTarget "CoreTests" */;
			buildPhases = (
				407237EB2F0BD3F300C276C3 /* Sources */,
				407237EC2F0BD3F300C276C3 /* Frameworks */,
				407237ED2F0BD3F300C276C3 /* Resources */,
			);
			buildRules = (
			);
			dependencies = (
				407237F22F0BD3F300C276C3 /* PBXTargetDependency */,
			);
			fileSystemSynchronizedGroups = (
				407237F32F0BD3F300C276C3 /* CoreTests */,
			);
			name = CoreTests;
			packageProductDependencies = (
			);
			productName = CoreTests;
			productReference = 407237EF2F0BD3F300C276C3 /* CoreTests.xctest */;
			productType = "com.apple.product-type.bundle.unit-test";
		};
/* End PBXNativeTarget section */

/* Begin PBXProject section */
		400084282F08877D00112D6B /* Project object */ = {
			isa = PBXProject;
			attributes = {
				BuildIndependentTargetsInParallel = 1;
				LastSwiftUpdateCheck = 2610;
				LastUpgradeCheck = 2610;
				TargetAttributes = {
					4000842F2F08877D00112D6B = {
						CreatedOnToolsVersion = 26.1.1;
					};
					4000843C2F08877F00112D6B = {
						CreatedOnToolsVersion = 26.1.1;
						TestTargetID = 4000842F2F08877D00112D6B;
					};
					401EB09D2F16C02700A32AB3 = {
						CreatedOnToolsVersion = 26.1.1;
					};
					401EB0A52F16C02700A32AB3 = {
						CreatedOnToolsVersion = 26.1.1;
					};
					407237E62F0BD3F300C276C3 = {
						CreatedOnToolsVersion = 26.1.1;
					};
					407237EE2F0BD3F300C276C3 = {
						CreatedOnToolsVersion = 26.1.1;
					};
				};
			};
			buildConfigurationList = 4000842B2F08877D00112D6B /* Build configuration list for PBXProject "Course" */;
			developmentRegion = en;
			hasScannedForEncodings = 0;
			knownRegions = (
				en,
				Base,
			);
			mainGroup = 400084272F08877D00112D6B;
			minimizedProjectReferenceProxies = 1;
			preferredProjectObjectVersion = 77;
			productRefGroup = 400084312F08877D00112D6B /* Products */;
			projectDirPath = "";
			projectRoot = "";
			targets = (
				4000842F2F08877D00112D6B /* Course */,
				4000843C2F08877F00112D6B /* CourseTests */,
				407237E62F0BD3F300C276C3 /* Core */,
				407237EE2F0BD3F300C276C3 /* CoreTests */,
				401EB09D2F16C02700A32AB3 /* MoviesiOSUI */,
				401EB0A52F16C02700A32AB3 /* MoviesiOSUITests */,
			);
		};
/* End PBXProject section */

/* Begin PBXResourcesBuildPhase section */
		4000842E2F08877D00112D6B /* Resources */ = {
			isa = PBXResourcesBuildPhase;
			buildActionMask = 2147483647;
			files = (
			);
			runOnlyForDeploymentPostprocessing = 0;
		};
		4000843B2F08877F00112D6B /* Resources */ = {
			isa = PBXResourcesBuildPhase;
			buildActionMask = 2147483647;
			files = (
			);
			runOnlyForDeploymentPostprocessing = 0;
		};
		401EB09C2F16C02700A32AB3 /* Resources */ = {
			isa = PBXResourcesBuildPhase;
			buildActionMask = 2147483647;
			files = (
			);
			runOnlyForDeploymentPostprocessing = 0;
		};
		401EB0A42F16C02700A32AB3 /* Resources */ = {
			isa = PBXResourcesBuildPhase;
			buildActionMask = 2147483647;
			files = (
			);
			runOnlyForDeploymentPostprocessing = 0;
		};
		407237E52F0BD3F300C276C3 /* Resources */ = {
			isa = PBXResourcesBuildPhase;
			buildActionMask = 2147483647;
			files = (
			);
			runOnlyForDeploymentPostprocessing = 0;
		};
		407237ED2F0BD3F300C276C3 /* Resources */ = {
			isa = PBXResourcesBuildPhase;
			buildActionMask = 2147483647;
			files = (
			);
			runOnlyForDeploymentPostprocessing = 0;
		};
/* End PBXResourcesBuildPhase section */

/* Begin PBXSourcesBuildPhase section */
		4000842C2F08877D00112D6B /* Sources */ = {
			isa = PBXSourcesBuildPhase;
			buildActionMask = 2147483647;
			files = (
			);
			runOnlyForDeploymentPostprocessing = 0;
		};
		400084392F08877F00112D6B /* Sources */ = {
			isa = PBXSourcesBuildPhase;
			buildActionMask = 2147483647;
			files = (
			);
			runOnlyForDeploymentPostprocessing = 0;
		};
		401EB09A2F16C02700A32AB3 /* Sources */ = {
			isa = PBXSourcesBuildPhase;
			buildActionMask = 2147483647;
			files = (
			);
			runOnlyForDeploymentPostprocessing = 0;
		};
		401EB0A22F16C02700A32AB3 /* Sources */ = {
			isa = PBXSourcesBuildPhase;
			buildActionMask = 2147483647;
			files = (
			);
			runOnlyForDeploymentPostprocessing = 0;
		};
		407237E32F0BD3F300C276C3 /* Sources */ = {
			isa = PBXSourcesBuildPhase;
			buildActionMask = 2147483647;
			files = (
			);
			runOnlyForDeploymentPostprocessing = 0;
		};
		407237EB2F0BD3F300C276C3 /* Sources */ = {
			isa = PBXSourcesBuildPhase;
			buildActionMask = 2147483647;
			files = (
			);
			runOnlyForDeploymentPostprocessing = 0;
		};
/* End PBXSourcesBuildPhase section */

/* Begin PBXTargetDependency section */
		4000843F2F08877F00112D6B /* PBXTargetDependency */ = {
			isa = PBXTargetDependency;
			target = 4000842F2F08877D00112D6B /* Course */;
			targetProxy = 4000843E2F08877F00112D6B /* PBXContainerItemProxy */;
		};
		401EB0A92F16C02700A32AB3 /* PBXTargetDependency */ = {
			isa = PBXTargetDependency;
			target = 401EB09D2F16C02700A32AB3 /* MoviesiOSUI */;
			targetProxy = 401EB0A82F16C02700A32AB3 /* PBXContainerItemProxy */;
		};
		401EB0C02F16C0BF00A32AB3 /* PBXTargetDependency */ = {
			isa = PBXTargetDependency;
			target = 407237E62F0BD3F300C276C3 /* Core */;
			targetProxy = 401EB0BF2F16C0BF00A32AB3 /* PBXContainerItemProxy */;
		};
		401EB0C82F16C21400A32AB3 /* PBXTargetDependency */ = {
			isa = PBXTargetDependency;
			target = 401EB09D2F16C02700A32AB3 /* MoviesiOSUI */;
			targetProxy = 401EB0C72F16C21400A32AB3 /* PBXContainerItemProxy */;
		};
		407237F22F0BD3F300C276C3 /* PBXTargetDependency */ = {
			isa = PBXTargetDependency;
			target = 407237E62F0BD3F300C276C3 /* Core */;
			targetProxy = 407237F12F0BD3F300C276C3 /* PBXContainerItemProxy */;
		};
		4080DE012F142CD900A1F9C6 /* PBXTargetDependency */ = {
			isa = PBXTargetDependency;
			target = 407237E62F0BD3F300C276C3 /* Core */;
			targetProxy = 4080DE002F142CD900A1F9C6 /* PBXContainerItemProxy */;
		};
/* End PBXTargetDependency section */

/* Begin XCBuildConfiguration section */
		4000844F2F08877F00112D6B /* Debug */ = {
			isa = XCBuildConfiguration;
			buildSettings = {
				ALWAYS_SEARCH_USER_PATHS = NO;
				ASSETCATALOG_COMPILER_GENERATE_SWIFT_ASSET_SYMBOL_EXTENSIONS = YES;
				CLANG_ANALYZER_NONNULL = YES;
				CLANG_ANALYZER_NUMBER_OBJECT_CONVERSION = YES_AGGRESSIVE;
				CLANG_CXX_LANGUAGE_STANDARD = "gnu++20";
				CLANG_ENABLE_MODULES = YES;
				CLANG_ENABLE_OBJC_ARC = YES;
				CLANG_ENABLE_OBJC_WEAK = YES;
				CLANG_WARN_BLOCK_CAPTURE_AUTORELEASING = YES;
				CLANG_WARN_BOOL_CONVERSION = YES;
				CLANG_WARN_COMMA = YES;
				CLANG_WARN_CONSTANT_CONVERSION = YES;
				CLANG_WARN_DEPRECATED_OBJC_IMPLEMENTATIONS = YES;
				CLANG_WARN_DIRECT_OBJC_ISA_USAGE = YES_ERROR;
				CLANG_WARN_DOCUMENTATION_COMMENTS = YES;
				CLANG_WARN_EMPTY_BODY = YES;
				CLANG_WARN_ENUM_CONVERSION = YES;
				CLANG_WARN_INFINITE_RECURSION = YES;
				CLANG_WARN_INT_CONVERSION = YES;
				CLANG_WARN_NON_LITERAL_NULL_CONVERSION = YES;
				CLANG_WARN_OBJC_IMPLICIT_RETAIN_SELF = YES;
				CLANG_WARN_OBJC_LITERAL_CONVERSION = YES;
				CLANG_WARN_OBJC_ROOT_CLASS = YES_ERROR;
				CLANG_WARN_QUOTED_INCLUDE_IN_FRAMEWORK_HEADER = YES;
				CLANG_WARN_RANGE_LOOP_ANALYSIS = YES;
				CLANG_WARN_STRICT_PROTOTYPES = YES;
				CLANG_WARN_SUSPICIOUS_MOVE = YES;
				CLANG_WARN_UNGUARDED_AVAILABILITY = YES_AGGRESSIVE;
				CLANG_WARN_UNREACHABLE_CODE = YES;
				CLANG_WARN__DUPLICATE_METHOD_MATCH = YES;
				COPY_PHASE_STRIP = NO;
				DEBUG_INFORMATION_FORMAT = dwarf;
				DEVELOPMENT_TEAM = V73WZ9Y4HH;
				ENABLE_STRICT_OBJC_MSGSEND = YES;
				ENABLE_TESTABILITY = YES;
				ENABLE_USER_SCRIPT_SANDBOXING = YES;
				GCC_C_LANGUAGE_STANDARD = gnu17;
				GCC_DYNAMIC_NO_PIC = NO;
				GCC_NO_COMMON_BLOCKS = YES;
				GCC_OPTIMIZATION_LEVEL = 0;
				GCC_PREPROCESSOR_DEFINITIONS = (
					"DEBUG=1",
					"$(inherited)",
				);
				GCC_WARN_64_TO_32_BIT_CONVERSION = YES;
				GCC_WARN_ABOUT_RETURN_TYPE = YES_ERROR;
				GCC_WARN_UNDECLARED_SELECTOR = YES;
				GCC_WARN_UNINITIALIZED_AUTOS = YES_AGGRESSIVE;
				GCC_WARN_UNUSED_FUNCTION = YES;
				GCC_WARN_UNUSED_VARIABLE = YES;
				IPHONEOS_DEPLOYMENT_TARGET = 26.1;
				LOCALIZATION_PREFERS_STRING_CATALOGS = YES;
				MTL_ENABLE_DEBUG_INFO = INCLUDE_SOURCE;
				MTL_FAST_MATH = YES;
				ONLY_ACTIVE_ARCH = YES;
				SDKROOT = iphoneos;
				SWIFT_ACTIVE_COMPILATION_CONDITIONS = "DEBUG $(inherited)";
				SWIFT_OPTIMIZATION_LEVEL = "-Onone";
			};
			name = Debug;
		};
		400084502F08877F00112D6B /* Release */ = {
			isa = XCBuildConfiguration;
			buildSettings = {
				ALWAYS_SEARCH_USER_PATHS = NO;
				ASSETCATALOG_COMPILER_GENERATE_SWIFT_ASSET_SYMBOL_EXTENSIONS = YES;
				CLANG_ANALYZER_NONNULL = YES;
				CLANG_ANALYZER_NUMBER_OBJECT_CONVERSION = YES_AGGRESSIVE;
				CLANG_CXX_LANGUAGE_STANDARD = "gnu++20";
				CLANG_ENABLE_MODULES = YES;
				CLANG_ENABLE_OBJC_ARC = YES;
				CLANG_ENABLE_OBJC_WEAK = YES;
				CLANG_WARN_BLOCK_CAPTURE_AUTORELEASING = YES;
				CLANG_WARN_BOOL_CONVERSION = YES;
				CLANG_WARN_COMMA = YES;
				CLANG_WARN_CONSTANT_CONVERSION = YES;
				CLANG_WARN_DEPRECATED_OBJC_IMPLEMENTATIONS = YES;
				CLANG_WARN_DIRECT_OBJC_ISA_USAGE = YES_ERROR;
				CLANG_WARN_DOCUMENTATION_COMMENTS = YES;
				CLANG_WARN_EMPTY_BODY = YES;
				CLANG_WARN_ENUM_CONVERSION = YES;
				CLANG_WARN_INFINITE_RECURSION = YES;
				CLANG_WARN_INT_CONVERSION = YES;
				CLANG_WARN_NON_LITERAL_NULL_CONVERSION = YES;
				CLANG_WARN_OBJC_IMPLICIT_RETAIN_SELF = YES;
				CLANG_WARN_OBJC_LITERAL_CONVERSION = YES;
				CLANG_WARN_OBJC_ROOT_CLASS = YES_ERROR;
				CLANG_WARN_QUOTED_INCLUDE_IN_FRAMEWORK_HEADER = YES;
				CLANG_WARN_RANGE_LOOP_ANALYSIS = YES;
				CLANG_WARN_STRICT_PROTOTYPES = YES;
				CLANG_WARN_SUSPICIOUS_MOVE = YES;
				CLANG_WARN_UNGUARDED_AVAILABILITY = YES_AGGRESSIVE;
				CLANG_WARN_UNREACHABLE_CODE = YES;
				CLANG_WARN__DUPLICATE_METHOD_MATCH = YES;
				COPY_PHASE_STRIP = NO;
				DEBUG_INFORMATION_FORMAT = "dwarf-with-dsym";
				DEVELOPMENT_TEAM = V73WZ9Y4HH;
				ENABLE_NS_ASSERTIONS = NO;
				ENABLE_STRICT_OBJC_MSGSEND = YES;
				ENABLE_USER_SCRIPT_SANDBOXING = YES;
				GCC_C_LANGUAGE_STANDARD = gnu17;
				GCC_NO_COMMON_BLOCKS = YES;
				GCC_WARN_64_TO_32_BIT_CONVERSION = YES;
				GCC_WARN_ABOUT_RETURN_TYPE = YES_ERROR;
				GCC_WARN_UNDECLARED_SELECTOR = YES;
				GCC_WARN_UNINITIALIZED_AUTOS = YES_AGGRESSIVE;
				GCC_WARN_UNUSED_FUNCTION = YES;
				GCC_WARN_UNUSED_VARIABLE = YES;
				IPHONEOS_DEPLOYMENT_TARGET = 26.1;
				LOCALIZATION_PREFERS_STRING_CATALOGS = YES;
				MTL_ENABLE_DEBUG_INFO = NO;
				MTL_FAST_MATH = YES;
				SDKROOT = iphoneos;
				SWIFT_COMPILATION_MODE = wholemodule;
				VALIDATE_PRODUCT = YES;
			};
			name = Release;
		};
		400084522F08877F00112D6B /* Debug */ = {
			isa = XCBuildConfiguration;
			buildSettings = {
				ASSETCATALOG_COMPILER_APPICON_NAME = AppIcon;
				ASSETCATALOG_COMPILER_GLOBAL_ACCENT_COLOR_NAME = AccentColor;
				CODE_SIGN_STYLE = Automatic;
				CURRENT_PROJECT_VERSION = 1;
				DEVELOPMENT_TEAM = V73WZ9Y4HH;
				ENABLE_PREVIEWS = YES;
				GENERATE_INFOPLIST_FILE = YES;
				INFOPLIST_KEY_UIApplicationSceneManifest_Generation = YES;
				INFOPLIST_KEY_UIApplicationSupportsIndirectInputEvents = YES;
				INFOPLIST_KEY_UILaunchScreen_Generation = YES;
				INFOPLIST_KEY_UISupportedInterfaceOrientations_iPad = "UIInterfaceOrientationPortrait UIInterfaceOrientationPortraitUpsideDown UIInterfaceOrientationLandscapeLeft UIInterfaceOrientationLandscapeRight";
				INFOPLIST_KEY_UISupportedInterfaceOrientations_iPhone = "UIInterfaceOrientationPortrait UIInterfaceOrientationLandscapeLeft UIInterfaceOrientationLandscapeRight";
				LD_RUNPATH_SEARCH_PATHS = (
					"$(inherited)",
					"@executable_path/Frameworks",
				);
				MARKETING_VERSION = 1.0;
				PRODUCT_BUNDLE_IDENTIFIER = me.crisfe.Course;
				PRODUCT_NAME = "$(TARGET_NAME)";
				STRING_CATALOG_GENERATE_SYMBOLS = YES;
				SWIFT_APPROACHABLE_CONCURRENCY = YES;
				SWIFT_DEFAULT_ACTOR_ISOLATION = nonisolated;
				SWIFT_EMIT_LOC_STRINGS = YES;
				SWIFT_STRICT_CONCURRENCY = complete;
				SWIFT_UPCOMING_FEATURE_MEMBER_IMPORT_VISIBILITY = YES;
				SWIFT_VERSION = 5.0;
				TARGETED_DEVICE_FAMILY = "1,2";
			};
			name = Debug;
		};
		400084532F08877F00112D6B /* Release */ = {
			isa = XCBuildConfiguration;
			buildSettings = {
				ASSETCATALOG_COMPILER_APPICON_NAME = AppIcon;
				ASSETCATALOG_COMPILER_GLOBAL_ACCENT_COLOR_NAME = AccentColor;
				CODE_SIGN_STYLE = Automatic;
				CURRENT_PROJECT_VERSION = 1;
				DEVELOPMENT_TEAM = V73WZ9Y4HH;
				ENABLE_PREVIEWS = YES;
				GENERATE_INFOPLIST_FILE = YES;
				INFOPLIST_KEY_UIApplicationSceneManifest_Generation = YES;
				INFOPLIST_KEY_UIApplicationSupportsIndirectInputEvents = YES;
				INFOPLIST_KEY_UILaunchScreen_Generation = YES;
				INFOPLIST_KEY_UISupportedInterfaceOrientations_iPad = "UIInterfaceOrientationPortrait UIInterfaceOrientationPortraitUpsideDown UIInterfaceOrientationLandscapeLeft UIInterfaceOrientationLandscapeRight";
				INFOPLIST_KEY_UISupportedInterfaceOrientations_iPhone = "UIInterfaceOrientationPortrait UIInterfaceOrientationLandscapeLeft UIInterfaceOrientationLandscapeRight";
				LD_RUNPATH_SEARCH_PATHS = (
					"$(inherited)",
					"@executable_path/Frameworks",
				);
				MARKETING_VERSION = 1.0;
				PRODUCT_BUNDLE_IDENTIFIER = me.crisfe.Course;
				PRODUCT_NAME = "$(TARGET_NAME)";
				STRING_CATALOG_GENERATE_SYMBOLS = YES;
				SWIFT_APPROACHABLE_CONCURRENCY = YES;
				SWIFT_DEFAULT_ACTOR_ISOLATION = nonisolated;
				SWIFT_EMIT_LOC_STRINGS = YES;
				SWIFT_STRICT_CONCURRENCY = complete;
				SWIFT_UPCOMING_FEATURE_MEMBER_IMPORT_VISIBILITY = YES;
				SWIFT_VERSION = 5.0;
				TARGETED_DEVICE_FAMILY = "1,2";
			};
			name = Release;
		};
		400084552F08877F00112D6B /* Debug */ = {
			isa = XCBuildConfiguration;
			buildSettings = {
				BUNDLE_LOADER = "$(TEST_HOST)";
				CODE_SIGN_STYLE = Automatic;
				CURRENT_PROJECT_VERSION = 1;
				DEVELOPMENT_TEAM = V73WZ9Y4HH;
				GENERATE_INFOPLIST_FILE = YES;
				IPHONEOS_DEPLOYMENT_TARGET = 26.1;
				MARKETING_VERSION = 1.0;
				PRODUCT_BUNDLE_IDENTIFIER = me.crisfe.CourseTests;
				PRODUCT_NAME = "$(TARGET_NAME)";
				STRING_CATALOG_GENERATE_SYMBOLS = NO;
				SWIFT_APPROACHABLE_CONCURRENCY = YES;
				SWIFT_EMIT_LOC_STRINGS = NO;
				SWIFT_UPCOMING_FEATURE_MEMBER_IMPORT_VISIBILITY = YES;
				SWIFT_VERSION = 5.0;
				TARGETED_DEVICE_FAMILY = "1,2";
				TEST_HOST = "$(BUILT_PRODUCTS_DIR)/Course.app/$(BUNDLE_EXECUTABLE_FOLDER_PATH)/Course";
			};
			name = Debug;
		};
		400084562F08877F00112D6B /* Release */ = {
			isa = XCBuildConfiguration;
			buildSettings = {
				BUNDLE_LOADER = "$(TEST_HOST)";
				CODE_SIGN_STYLE = Automatic;
				CURRENT_PROJECT_VERSION = 1;
				DEVELOPMENT_TEAM = V73WZ9Y4HH;
				GENERATE_INFOPLIST_FILE = YES;
				IPHONEOS_DEPLOYMENT_TARGET = 26.1;
				MARKETING_VERSION = 1.0;
				PRODUCT_BUNDLE_IDENTIFIER = me.crisfe.CourseTests;
				PRODUCT_NAME = "$(TARGET_NAME)";
				STRING_CATALOG_GENERATE_SYMBOLS = NO;
				SWIFT_APPROACHABLE_CONCURRENCY = YES;
				SWIFT_EMIT_LOC_STRINGS = NO;
				SWIFT_UPCOMING_FEATURE_MEMBER_IMPORT_VISIBILITY = YES;
				SWIFT_VERSION = 5.0;
				TARGETED_DEVICE_FAMILY = "1,2";
				TEST_HOST = "$(BUILT_PRODUCTS_DIR)/Course.app/$(BUNDLE_EXECUTABLE_FOLDER_PATH)/Course";
			};
			name = Release;
		};
		401EB0AD2F16C02700A32AB3 /* Debug */ = {
			isa = XCBuildConfiguration;
			buildSettings = {
				BUILD_LIBRARY_FOR_DISTRIBUTION = YES;
				CODE_SIGN_STYLE = Automatic;
				COMBINE_HIDPI_IMAGES = YES;
				CURRENT_PROJECT_VERSION = 1;
				DEVELOPMENT_TEAM = V73WZ9Y4HH;
				DYLIB_COMPATIBILITY_VERSION = 1;
				DYLIB_CURRENT_VERSION = 1;
				DYLIB_INSTALL_NAME_BASE = "@rpath";
				ENABLE_MODULE_VERIFIER = YES;
				GENERATE_INFOPLIST_FILE = YES;
				INFOPLIST_KEY_NSHumanReadableCopyright = "";
				INSTALL_PATH = "$(LOCAL_LIBRARY_DIR)/Frameworks";
				LD_RUNPATH_SEARCH_PATHS = (
					"$(inherited)",
					"@executable_path/../Frameworks",
					"@loader_path/Frameworks",
				);
				MACOSX_DEPLOYMENT_TARGET = 26.1;
				MARKETING_VERSION = 1.0;
				MODULE_VERIFIER_SUPPORTED_LANGUAGES = "objective-c objective-c++";
				MODULE_VERIFIER_SUPPORTED_LANGUAGE_STANDARDS = "gnu17 gnu++20";
				PRODUCT_BUNDLE_IDENTIFIER = me.crisfe.course.MoviesiOSUI;
				PRODUCT_NAME = "$(TARGET_NAME:c99extidentifier)";
				SDKROOT = macosx;
				SKIP_INSTALL = YES;
				STRING_CATALOG_GENERATE_SYMBOLS = YES;
				SUPPORTED_PLATFORMS = "iphoneos iphonesimulator macosx";
				SUPPORTS_MACCATALYST = NO;
				SWIFT_APPROACHABLE_CONCURRENCY = YES;
				SWIFT_EMIT_LOC_STRINGS = YES;
				SWIFT_INSTALL_MODULE = YES;
				SWIFT_INSTALL_OBJC_HEADER = NO;
				SWIFT_UPCOMING_FEATURE_MEMBER_IMPORT_VISIBILITY = YES;
				SWIFT_VERSION = 5.0;
				TARGETED_DEVICE_FAMILY = 1;
				VERSIONING_SYSTEM = "apple-generic";
				VERSION_INFO_PREFIX = "";
			};
			name = Debug;
		};
		401EB0AE2F16C02700A32AB3 /* Release */ = {
			isa = XCBuildConfiguration;
			buildSettings = {
				BUILD_LIBRARY_FOR_DISTRIBUTION = YES;
				CODE_SIGN_STYLE = Automatic;
				COMBINE_HIDPI_IMAGES = YES;
				CURRENT_PROJECT_VERSION = 1;
				DEVELOPMENT_TEAM = V73WZ9Y4HH;
				DYLIB_COMPATIBILITY_VERSION = 1;
				DYLIB_CURRENT_VERSION = 1;
				DYLIB_INSTALL_NAME_BASE = "@rpath";
				ENABLE_MODULE_VERIFIER = YES;
				GENERATE_INFOPLIST_FILE = YES;
				INFOPLIST_KEY_NSHumanReadableCopyright = "";
				INSTALL_PATH = "$(LOCAL_LIBRARY_DIR)/Frameworks";
				LD_RUNPATH_SEARCH_PATHS = (
					"$(inherited)",
					"@executable_path/../Frameworks",
					"@loader_path/Frameworks",
				);
				MACOSX_DEPLOYMENT_TARGET = 26.1;
				MARKETING_VERSION = 1.0;
				MODULE_VERIFIER_SUPPORTED_LANGUAGES = "objective-c objective-c++";
				MODULE_VERIFIER_SUPPORTED_LANGUAGE_STANDARDS = "gnu17 gnu++20";
				PRODUCT_BUNDLE_IDENTIFIER = me.crisfe.course.MoviesiOSUI;
				PRODUCT_NAME = "$(TARGET_NAME:c99extidentifier)";
				SDKROOT = macosx;
				SKIP_INSTALL = YES;
				STRING_CATALOG_GENERATE_SYMBOLS = YES;
				SUPPORTED_PLATFORMS = "iphoneos iphonesimulator macosx";
				SUPPORTS_MACCATALYST = NO;
				SWIFT_APPROACHABLE_CONCURRENCY = YES;
				SWIFT_EMIT_LOC_STRINGS = YES;
				SWIFT_INSTALL_MODULE = YES;
				SWIFT_INSTALL_OBJC_HEADER = NO;
				SWIFT_UPCOMING_FEATURE_MEMBER_IMPORT_VISIBILITY = YES;
				SWIFT_VERSION = 5.0;
				TARGETED_DEVICE_FAMILY = 1;
				VERSIONING_SYSTEM = "apple-generic";
				VERSION_INFO_PREFIX = "";
			};
			name = Release;
		};
		401EB0AF2F16C02700A32AB3 /* Debug */ = {
			isa = XCBuildConfiguration;
			buildSettings = {
				CODE_SIGN_STYLE = Automatic;
				CURRENT_PROJECT_VERSION = 1;
				DEVELOPMENT_TEAM = V73WZ9Y4HH;
				GENERATE_INFOPLIST_FILE = YES;
				MACOSX_DEPLOYMENT_TARGET = 26.1;
				MARKETING_VERSION = 1.0;
				PRODUCT_BUNDLE_IDENTIFIER = me.crisfe.course.MoviesiOSUITests;
				PRODUCT_NAME = "$(TARGET_NAME)";
				SDKROOT = macosx;
				STRING_CATALOG_GENERATE_SYMBOLS = NO;
				SWIFT_APPROACHABLE_CONCURRENCY = YES;
				SWIFT_EMIT_LOC_STRINGS = NO;
				SWIFT_UPCOMING_FEATURE_MEMBER_IMPORT_VISIBILITY = YES;
				SWIFT_VERSION = 5.0;
			};
			name = Debug;
		};
		401EB0B02F16C02700A32AB3 /* Release */ = {
			isa = XCBuildConfiguration;
			buildSettings = {
				CODE_SIGN_STYLE = Automatic;
				CURRENT_PROJECT_VERSION = 1;
				DEVELOPMENT_TEAM = V73WZ9Y4HH;
				GENERATE_INFOPLIST_FILE = YES;
				MACOSX_DEPLOYMENT_TARGET = 26.1;
				MARKETING_VERSION = 1.0;
				PRODUCT_BUNDLE_IDENTIFIER = me.crisfe.course.MoviesiOSUITests;
				PRODUCT_NAME = "$(TARGET_NAME)";
				SDKROOT = macosx;
				STRING_CATALOG_GENERATE_SYMBOLS = NO;
				SWIFT_APPROACHABLE_CONCURRENCY = YES;
				SWIFT_EMIT_LOC_STRINGS = NO;
				SWIFT_UPCOMING_FEATURE_MEMBER_IMPORT_VISIBILITY = YES;
				SWIFT_VERSION = 5.0;
			};
			name = Release;
		};
		407237F72F0BD3F300C276C3 /* Debug */ = {
			isa = XCBuildConfiguration;
			buildSettings = {
				BUILD_LIBRARY_FOR_DISTRIBUTION = YES;
				CODE_SIGN_STYLE = Automatic;
				COMBINE_HIDPI_IMAGES = YES;
				CURRENT_PROJECT_VERSION = 1;
				DEVELOPMENT_TEAM = V73WZ9Y4HH;
				DYLIB_COMPATIBILITY_VERSION = 1;
				DYLIB_CURRENT_VERSION = 1;
				DYLIB_INSTALL_NAME_BASE = "@rpath";
				ENABLE_MODULE_VERIFIER = YES;
				GENERATE_INFOPLIST_FILE = YES;
				INFOPLIST_KEY_NSHumanReadableCopyright = "";
				INSTALL_PATH = "$(LOCAL_LIBRARY_DIR)/Frameworks";
				LD_RUNPATH_SEARCH_PATHS = (
					"$(inherited)",
					"@executable_path/../Frameworks",
					"@loader_path/Frameworks",
				);
				MACOSX_DEPLOYMENT_TARGET = 26.1;
				MARKETING_VERSION = 1.0;
				MODULE_VERIFIER_SUPPORTED_LANGUAGES = "objective-c objective-c++";
				MODULE_VERIFIER_SUPPORTED_LANGUAGE_STANDARDS = "gnu17 gnu++20";
				PRODUCT_BUNDLE_IDENTIFIER = me.crisfe.course.Core;
				PRODUCT_NAME = "$(TARGET_NAME:c99extidentifier)";
				SDKROOT = macosx;
				SKIP_INSTALL = YES;
				STRING_CATALOG_GENERATE_SYMBOLS = YES;
				SUPPORTED_PLATFORMS = "iphoneos iphonesimulator macosx";
				SUPPORTS_MACCATALYST = NO;
				SWIFT_APPROACHABLE_CONCURRENCY = YES;
				SWIFT_EMIT_LOC_STRINGS = YES;
				SWIFT_INSTALL_MODULE = YES;
				SWIFT_INSTALL_OBJC_HEADER = NO;
				SWIFT_STRICT_CONCURRENCY = complete;
				SWIFT_UPCOMING_FEATURE_MEMBER_IMPORT_VISIBILITY = YES;
				SWIFT_VERSION = 5.0;
				TARGETED_DEVICE_FAMILY = 1;
				VERSIONING_SYSTEM = "apple-generic";
				VERSION_INFO_PREFIX = "";
			};
			name = Debug;
		};
		407237F82F0BD3F300C276C3 /* Release */ = {
			isa = XCBuildConfiguration;
			buildSettings = {
				BUILD_LIBRARY_FOR_DISTRIBUTION = YES;
				CODE_SIGN_STYLE = Automatic;
				COMBINE_HIDPI_IMAGES = YES;
				CURRENT_PROJECT_VERSION = 1;
				DEVELOPMENT_TEAM = V73WZ9Y4HH;
				DYLIB_COMPATIBILITY_VERSION = 1;
				DYLIB_CURRENT_VERSION = 1;
				DYLIB_INSTALL_NAME_BASE = "@rpath";
				ENABLE_MODULE_VERIFIER = YES;
				GENERATE_INFOPLIST_FILE = YES;
				INFOPLIST_KEY_NSHumanReadableCopyright = "";
				INSTALL_PATH = "$(LOCAL_LIBRARY_DIR)/Frameworks";
				LD_RUNPATH_SEARCH_PATHS = (
					"$(inherited)",
					"@executable_path/../Frameworks",
					"@loader_path/Frameworks",
				);
				MACOSX_DEPLOYMENT_TARGET = 26.1;
				MARKETING_VERSION = 1.0;
				MODULE_VERIFIER_SUPPORTED_LANGUAGES = "objective-c objective-c++";
				MODULE_VERIFIER_SUPPORTED_LANGUAGE_STANDARDS = "gnu17 gnu++20";
				PRODUCT_BUNDLE_IDENTIFIER = me.crisfe.course.Core;
				PRODUCT_NAME = "$(TARGET_NAME:c99extidentifier)";
				SDKROOT = macosx;
				SKIP_INSTALL = YES;
				STRING_CATALOG_GENERATE_SYMBOLS = YES;
				SUPPORTED_PLATFORMS = "iphoneos iphonesimulator macosx";
				SUPPORTS_MACCATALYST = NO;
				SWIFT_APPROACHABLE_CONCURRENCY = YES;
				SWIFT_EMIT_LOC_STRINGS = YES;
				SWIFT_INSTALL_MODULE = YES;
				SWIFT_INSTALL_OBJC_HEADER = NO;
				SWIFT_STRICT_CONCURRENCY = complete;
				SWIFT_UPCOMING_FEATURE_MEMBER_IMPORT_VISIBILITY = YES;
				SWIFT_VERSION = 5.0;
				TARGETED_DEVICE_FAMILY = 1;
				VERSIONING_SYSTEM = "apple-generic";
				VERSION_INFO_PREFIX = "";
			};
			name = Release;
		};
		407237FA2F0BD3F300C276C3 /* Debug */ = {
			isa = XCBuildConfiguration;
			buildSettings = {
				CODE_SIGN_STYLE = Automatic;
				CURRENT_PROJECT_VERSION = 1;
				DEVELOPMENT_TEAM = V73WZ9Y4HH;
				GENERATE_INFOPLIST_FILE = YES;
				MACOSX_DEPLOYMENT_TARGET = 26.1;
				MARKETING_VERSION = 1.0;
				PRODUCT_BUNDLE_IDENTIFIER = me.crisfe.course.CoreTests;
				PRODUCT_NAME = "$(TARGET_NAME)";
				SDKROOT = macosx;
				STRING_CATALOG_GENERATE_SYMBOLS = NO;
				SWIFT_APPROACHABLE_CONCURRENCY = YES;
				SWIFT_EMIT_LOC_STRINGS = NO;
				SWIFT_UPCOMING_FEATURE_MEMBER_IMPORT_VISIBILITY = YES;
				SWIFT_VERSION = 5.0;
			};
			name = Debug;
		};
		407237FB2F0BD3F300C276C3 /* Release */ = {
			isa = XCBuildConfiguration;
			buildSettings = {
				CODE_SIGN_STYLE = Automatic;
				CURRENT_PROJECT_VERSION = 1;
				DEVELOPMENT_TEAM = V73WZ9Y4HH;
				GENERATE_INFOPLIST_FILE = YES;
				MACOSX_DEPLOYMENT_TARGET = 26.1;
				MARKETING_VERSION = 1.0;
				PRODUCT_BUNDLE_IDENTIFIER = me.crisfe.course.CoreTests;
				PRODUCT_NAME = "$(TARGET_NAME)";
				SDKROOT = macosx;
				STRING_CATALOG_GENERATE_SYMBOLS = NO;
				SWIFT_APPROACHABLE_CONCURRENCY = YES;
				SWIFT_EMIT_LOC_STRINGS = NO;
				SWIFT_UPCOMING_FEATURE_MEMBER_IMPORT_VISIBILITY = YES;
				SWIFT_VERSION = 5.0;
			};
			name = Release;
		};
/* End XCBuildConfiguration section */

/* Begin XCConfigurationList section */
		4000842B2F08877D00112D6B /* Build configuration list for PBXProject "Course" */ = {
			isa = XCConfigurationList;
			buildConfigurations = (
				4000844F2F08877F00112D6B /* Debug */,
				400084502F08877F00112D6B /* Release */,
			);
			defaultConfigurationIsVisible = 0;
			defaultConfigurationName = Release;
		};
		400084512F08877F00112D6B /* Build configuration list for PBXNativeTarget "Course" */ = {
			isa = XCConfigurationList;
			buildConfigurations = (
				400084522F08877F00112D6B /* Debug */,
				400084532F08877F00112D6B /* Release */,
			);
			defaultConfigurationIsVisible = 0;
			defaultConfigurationName = Release;
		};
		400084542F08877F00112D6B /* Build configuration list for PBXNativeTarget "CourseTests" */ = {
			isa = XCConfigurationList;
			buildConfigurations = (
				400084552F08877F00112D6B /* Debug */,
				400084562F08877F00112D6B /* Release */,
			);
			defaultConfigurationIsVisible = 0;
			defaultConfigurationName = Release;
		};
		401EB0B12F16C02700A32AB3 /* Build configuration list for PBXNativeTarget "MoviesiOSUI" */ = {
			isa = XCConfigurationList;
			buildConfigurations = (
				401EB0AD2F16C02700A32AB3 /* Debug */,
				401EB0AE2F16C02700A32AB3 /* Release */,
			);
			defaultConfigurationIsVisible = 0;
			defaultConfigurationName = Release;
		};
		401EB0B22F16C02700A32AB3 /* Build configuration list for PBXNativeTarget "MoviesiOSUITests" */ = {
			isa = XCConfigurationList;
			buildConfigurations = (
				401EB0AF2F16C02700A32AB3 /* Debug */,
				401EB0B02F16C02700A32AB3 /* Release */,
			);
			defaultConfigurationIsVisible = 0;
			defaultConfigurationName = Release;
		};
		407237F62F0BD3F300C276C3 /* Build configuration list for PBXNativeTarget "Core" */ = {
			isa = XCConfigurationList;
			buildConfigurations = (
				407237F72F0BD3F300C276C3 /* Debug */,
				407237F82F0BD3F300C276C3 /* Release */,
			);
			defaultConfigurationIsVisible = 0;
			defaultConfigurationName = Release;
		};
		407237F92F0BD3F300C276C3 /* Build configuration list for PBXNativeTarget "CoreTests" */ = {
			isa = XCConfigurationList;
			buildConfigurations = (
				407237FA2F0BD3F300C276C3 /* Debug */,
				407237FB2F0BD3F300C276C3 /* Release */,
			);
			defaultConfigurationIsVisible = 0;
			defaultConfigurationName = Release;
		};
/* End XCConfigurationList section */
	};
	rootObject = 400084282F08877D00112D6B /* Project object */;
}
